# This file was autogenerated by Stack.
# You should not edit this file by hand.
# For more information, please see the documentation at:
#   https://docs.haskellstack.org/en/stable/lock_files

packages:
- completed:
    cabal-file:
      size: 939
      sha256: 4d2fbd8b63f5ef15483fc6dda09e10eefd63b4f873ad38dec2a3607eb504a8ba
    name: hakyll-sass
    version: 0.2.4
    git: git@github.com:meoblast001/hakyll-sass.git
    pantry-tree:
      size: 367
      sha256: acb7990ea96ccc3537071776c8e384921bd82636e87a6590205116db54895a2f
    commit: b9c08afc9d81abc5bc57a9adc6bd7b70d562ea46
  original:
    git: git@github.com:meoblast001/hakyll-sass.git
    commit: b9c08afc9d81abc5bc57a9adc6bd7b70d562ea46
snapshots:
- completed:
    size: 509471
    url: https://raw.githubusercontent.com/commercialhaskell/stackage-snapshots/master/lts/12/26.yaml
    sha256: 95f014df58d0679b1c4a2b7bf2b652b61da8d30de5f571abb0d59015ef678646
  original: lts-12.26
