# This file was autogenerated by Stack.
# You should not edit this file by hand.
# For more information, please see the documentation at:
#   https://docs.haskellstack.org/en/stable/lock_files

packages:
- completed:
    name: hakyll-sass
    version: 0.2.4
    git: git@github.com:meoblast001/hakyll-sass.git
    pantry-tree:
      size: 367
      sha256: acb7990ea96ccc3537071776c8e384921bd82636e87a6590205116db54895a2f
    commit: b9c08afc9d81abc5bc57a9adc6bd7b70d562ea46
  original:
    git: git@github.com:meoblast001/hakyll-sass.git
    commit: b9c08afc9d81abc5bc57a9adc6bd7b70d562ea46
snapshots:
- completed:
    size: 616897
    url: https://raw.githubusercontent.com/commercialhaskell/stackage-snapshots/master/lts/19/0.yaml
    sha256: bbf2be02f17940bac1f87cb462d4fb0c3355de6dcfc53d84f4f9ad3ee2164f65
  original: lts-19.0
